
Microsoft Visual Studio Solution File, Format Version 12.00
# Visual Studio Version 17
VisualStudioVersion = 17.4.33205.214
MinimumVisualStudioVersion = 10.0.40219.1
Project("{FAE04EC0-301F-11D3-BF4B-00C04F79EFBC}") = "Orpheus", "Orpheus\Orpheus.csproj", "{12055D14-3742-429E-A20F-91BBB11D9A57}"
EndProject
Project("{FAE04EC0-301F-11D3-BF4B-00C04F79EFBC}") = "Orpheus_Analyser", "Orpheus_Analyser\Orpheus_Analyser.csproj", "{0D0AB867-A627-4063-AC35-21AE6F1694F9}"
EndProject
Project("{FAE04EC0-301F-11D3-BF4B-00C04F79EFBC}") = "Orpheus_MidiFileMaker", "Orpheus_MidiFileMaker\Orpheus_MidiFileMaker.csproj", "{F5220D90-1FA8-456B-8B58-6CC14E5B9630}"
EndProject
Global
	GlobalSection(SolutionConfigurationPlatforms) = preSolution
		Debug|Any CPU = Debug|Any CPU
		Release|Any CPU = Release|Any CPU
	EndGlobalSection
	GlobalSection(ProjectConfigurationPlatforms) = postSolution
		{12055D14-3742-429E-A20F-91BBB11D9A57}.Debug|Any CPU.ActiveCfg = Debug|Any CPU
		{12055D14-3742-429E-A20F-91BBB11D9A57}.Debug|Any CPU.Build.0 = Debug|Any CPU
		{12055D14-3742-429E-A20F-91BBB11D9A57}.Release|Any CPU.ActiveCfg = Release|Any CPU
		{12055D14-3742-429E-A20F-91BBB11D9A57}.Release|Any CPU.Build.0 = Release|Any CPU
		{0D0AB867-A627-4063-AC35-21AE6F1694F9}.Debug|Any CPU.ActiveCfg = Debug|Any CPU
		{0D0AB867-A627-4063-AC35-21AE6F1694F9}.Debug|Any CPU.Build.0 = Debug|Any CPU
		{0D0AB867-A627-4063-AC35-21AE6F1694F9}.Release|Any CPU.ActiveCfg = Release|Any CPU
		{0D0AB867-A627-4063-AC35-21AE6F1694F9}.Release|Any CPU.Build.0 = Release|Any CPU
		{F5220D90-1FA8-456B-8B58-6CC14E5B9630}.Debug|Any CPU.ActiveCfg = Debug|Any CPU
		{F5220D90-1FA8-456B-8B58-6CC14E5B9630}.Debug|Any CPU.Build.0 = Debug|Any CPU
		{F5220D90-1FA8-456B-8B58-6CC14E5B9630}.Release|Any CPU.ActiveCfg = Release|Any CPU
		{F5220D90-1FA8-456B-8B58-6CC14E5B9630}.Release|Any CPU.Build.0 = Release|Any CPU
	EndGlobalSection
	GlobalSection(SolutionProperties) = preSolution
		HideSolutionNode = FALSE
	EndGlobalSection
	GlobalSection(ExtensibilityGlobals) = postSolution
		SolutionGuid = {B1722331-6EE2-43D5-8B63-AD2D76AB9D9E}
	EndGlobalSection
EndGlobal
